{
  "name": "gh-pull-all",
  "version": "1.4.2",
  "lockfileVersion": 3,
  "requires": true,
  "packages": {
    "": {
      "name": "gh-pull-all",
      "version": "1.4.2",
      "license": "Unlicense",
      "bin": {
        "gh-pull-all": "gh-pull-all.mjs"
      },
      "engines": {
        "node": ">=20.0.0"
      }
    }
  }
}
